
Microsoft Visual Studio Solution File, Format Version 12.00
# Visual Studio Version 16
VisualStudioVersion = 16.0.31624.102
MinimumVisualStudioVersion = 10.0.40219.1
Project("{9A19103F-16F7-4668-BE54-9A1E7A4F7556}") = "ConsoleApp1", "ConsoleApp1\ConsoleApp1.csproj", "{079A008D-B488-4606-B27F-145FDD7FEF04}"
EndProject
Project("{FAE04EC0-301F-11D3-BF4B-00C04F79EFBC}") = "Buoi2_Simple computer", "Buoi2_Simple computer\Buoi2_Simple computer.csproj", "{0AA327F2-E8CD-4B32-9079-30AAC2123FD4}"
EndProject
Project("{FAE04EC0-301F-11D3-BF4B-00C04F79EFBC}") = "Buoi2_Banve", "Buoi2_Banve\Buoi2_Banve.csproj", "{F2372142-9DF0-4C45-A52A-035979CD2DC9}"
EndProject
Global
	GlobalSection(SolutionConfigurationPlatforms) = preSolution
		Debug|Any CPU = Debug|Any CPU
		Release|Any CPU = Release|Any CPU
	EndGlobalSection
	GlobalSection(ProjectConfigurationPlatforms) = postSolution
		{079A008D-B488-4606-B27F-145FDD7FEF04}.Debug|Any CPU.ActiveCfg = Debug|Any CPU
		{079A008D-B488-4606-B27F-145FDD7FEF04}.Debug|Any CPU.Build.0 = Debug|Any CPU
		{079A008D-B488-4606-B27F-145FDD7FEF04}.Release|Any CPU.ActiveCfg = Release|Any CPU
		{079A008D-B488-4606-B27F-145FDD7FEF04}.Release|Any CPU.Build.0 = Release|Any CPU
		{0AA327F2-E8CD-4B32-9079-30AAC2123FD4}.Debug|Any CPU.ActiveCfg = Debug|Any CPU
		{0AA327F2-E8CD-4B32-9079-30AAC2123FD4}.Debug|Any CPU.Build.0 = Debug|Any CPU
		{0AA327F2-E8CD-4B32-9079-30AAC2123FD4}.Release|Any CPU.ActiveCfg = Release|Any CPU
		{0AA327F2-E8CD-4B32-9079-30AAC2123FD4}.Release|Any CPU.Build.0 = Release|Any CPU
		{F2372142-9DF0-4C45-A52A-035979CD2DC9}.Debug|Any CPU.ActiveCfg = Debug|Any CPU
		{F2372142-9DF0-4C45-A52A-035979CD2DC9}.Debug|Any CPU.Build.0 = Debug|Any CPU
		{F2372142-9DF0-4C45-A52A-035979CD2DC9}.Release|Any CPU.ActiveCfg = Release|Any CPU
		{F2372142-9DF0-4C45-A52A-035979CD2DC9}.Release|Any CPU.Build.0 = Release|Any CPU
	EndGlobalSection
	GlobalSection(SolutionProperties) = preSolution
		HideSolutionNode = FALSE
	EndGlobalSection
	GlobalSection(ExtensibilityGlobals) = postSolution
		SolutionGuid = {5E18BF0F-842D-4313-8557-2C4A4A52C886}
	EndGlobalSection
EndGlobal
